
Microsoft Visual Studio Solution File, Format Version 11.00
# Visual Studio 2010
Project("{2150E333-8FDC-42A3-9474-1A3956D46DE8}") = "Solution Items", "Solution Items", "{FC3E2915-CC5F-416A-A21E-8D05A9C0FD58}"
	ProjectSection(SolutionItems) = preProject
		localtestrun.testrunconfig = localtestrun.testrunconfig
		VisioAutomation.vsmdi = VisioAutomation.vsmdi
	EndProjectSection
	ProjectSection(FolderStartupServices) = postProject
		{B4F97281-0DBD-4835-9ED8-7DFB966E87FF} = {B4F97281-0DBD-4835-9ED8-7DFB966E87FF}
	EndProjectSection
EndProject
Project("{2150E333-8FDC-42A3-9474-1A3956D46DE8}") = "Applications", "Applications", "{047700E6-C918-4609-AD7A-6636CF6A07FA}"
EndProject
Project("{2150E333-8FDC-42A3-9474-1A3956D46DE8}") = "Test Projects", "Test Projects", "{6BFADD8A-BA37-4C6F-91CD-2157D1F5A3C6}"
EndProject
Project("{2150E333-8FDC-42A3-9474-1A3956D46DE8}") = "Shared Components", "Shared Components", "{558EB6E1-4DCA-4556-B31A-A26DBD89CABE}"
EndProject
Project("{2150E333-8FDC-42A3-9474-1A3956D46DE8}") = "VisioAutomation Components", "VisioAutomation Components", "{63AC84CF-6EB1-49D5-A790-78C16AAAAEE8}"
EndProject
Project("{FAE04EC0-301F-11D3-BF4B-00C04F79EFBC}") = "VisioAutomation", "VisioAutomation\VisioAutomation.csproj", "{920C7842-10E0-48C3-A439-C785FC2B234E}"
EndProject
Project("{FAE04EC0-301F-11D3-BF4B-00C04F79EFBC}") = "VisioPowerTools", "VisioPowerTools\VisioPowerTools.csproj", "{4B0048D3-A5D7-4B41-8913-A2599EB915E5}"
EndProject
Project("{FAE04EC0-301F-11D3-BF4B-00C04F79EFBC}") = "VisioPS", "VisioPS\VisioPS.csproj", "{6DFB7C5E-7AC1-48EE-A065-2075921A7413}"
EndProject
Project("{FAE04EC0-301F-11D3-BF4B-00C04F79EFBC}") = "TestVisioAutomation", "TestVisioAutomation\TestVisioAutomation.csproj", "{F04E9277-48D2-4822-9AE6-E7E6ADB262C9}"
EndProject
Project("{FAE04EC0-301F-11D3-BF4B-00C04F79EFBC}") = "VisioAutomation.Scripting", "VisioAutomation.Scripting\VisioAutomation.Scripting.csproj", "{17035996-44F8-4506-BAAB-EA121475B936}"
EndProject
Project("{FAE04EC0-301F-11D3-BF4B-00C04F79EFBC}") = "VisioAutomationSamples", "VisioAutomationSamples\VisioAutomationSamples.csproj", "{6E4E26FE-E903-474B-80F9-CF8ED12D34B3}"
EndProject
Project("{FAE04EC0-301F-11D3-BF4B-00C04F79EFBC}") = "VisioAutomation.Scripting.XamlTune", "VisioAutomation.Scripting.XamlTune\VisioAutomation.Scripting.XamlTune.csproj", "{2BA6E51C-D975-49E3-B6B9-DF3D2D951057}"
EndProject
Project("{FAE04EC0-301F-11D3-BF4B-00C04F79EFBC}") = "VisioAutomation.Layout.MSAGL", "VisioAutomation.Layout.MSAGL\VisioAutomation.Layout.MSAGL.csproj", "{9D3CA030-E8EA-4EF6-AB58-B4689C7CDB76}"
EndProject
Project("{FAE04EC0-301F-11D3-BF4B-00C04F79EFBC}") = "VisioAutomation.UI", "VisioAutomation.UI\VisioAutomation.UI.csproj", "{FB28507D-C378-42B4-9050-2FBED2CD68FE}"
EndProject
Project("{FAE04EC0-301F-11D3-BF4B-00C04F79EFBC}") = "VisioAutomation.Metadata", "VisioAutomation.Metadata\VisioAutomation.Metadata.csproj", "{6F0813C8-DBA0-4F93-BF96-55012DA737A3}"
EndProject
Project("{FAE04EC0-301F-11D3-BF4B-00C04F79EFBC}") = "TestCommon", "TestCommon\TestCommon.csproj", "{C6FE9FEC-2E3D-46C3-9929-B690A0EB4DA6}"
EndProject
Global
	GlobalSection(TestCaseManagementSettings) = postSolution
		CategoryFile = VisioAutomation.vsmdi
	EndGlobalSection
	GlobalSection(SolutionConfigurationPlatforms) = preSolution
		Debug|Any CPU = Debug|Any CPU
		Debug|Mixed Platforms = Debug|Mixed Platforms
		Debug|Win32 = Debug|Win32
		Debug|x86 = Debug|x86
		Release|Any CPU = Release|Any CPU
		Release|Mixed Platforms = Release|Mixed Platforms
		Release|Win32 = Release|Win32
		Release|x86 = Release|x86
	EndGlobalSection
	GlobalSection(ProjectConfigurationPlatforms) = postSolution
		{920C7842-10E0-48C3-A439-C785FC2B234E}.Debug|Any CPU.ActiveCfg = Debug|Any CPU
		{920C7842-10E0-48C3-A439-C785FC2B234E}.Debug|Any CPU.Build.0 = Debug|Any CPU
		{920C7842-10E0-48C3-A439-C785FC2B234E}.Debug|Mixed Platforms.ActiveCfg = Debug|Any CPU
		{920C7842-10E0-48C3-A439-C785FC2B234E}.Debug|Mixed Platforms.Build.0 = Debug|Any CPU
		{920C7842-10E0-48C3-A439-C785FC2B234E}.Debug|Win32.ActiveCfg = Debug|Any CPU
		{920C7842-10E0-48C3-A439-C785FC2B234E}.Debug|x86.ActiveCfg = Debug|Any CPU
		{920C7842-10E0-48C3-A439-C785FC2B234E}.Release|Any CPU.ActiveCfg = Release|Any CPU
		{920C7842-10E0-48C3-A439-C785FC2B234E}.Release|Any CPU.Build.0 = Release|Any CPU
		{920C7842-10E0-48C3-A439-C785FC2B234E}.Release|Mixed Platforms.ActiveCfg = Release|Any CPU
		{920C7842-10E0-48C3-A439-C785FC2B234E}.Release|Mixed Platforms.Build.0 = Release|Any CPU
		{920C7842-10E0-48C3-A439-C785FC2B234E}.Release|Win32.ActiveCfg = Release|Any CPU
		{920C7842-10E0-48C3-A439-C785FC2B234E}.Release|x86.ActiveCfg = Release|Any CPU
		{4B0048D3-A5D7-4B41-8913-A2599EB915E5}.Debug|Any CPU.ActiveCfg = Debug|Any CPU
		{4B0048D3-A5D7-4B41-8913-A2599EB915E5}.Debug|Any CPU.Build.0 = Debug|Any CPU
		{4B0048D3-A5D7-4B41-8913-A2599EB915E5}.Debug|Mixed Platforms.ActiveCfg = Debug|Any CPU
		{4B0048D3-A5D7-4B41-8913-A2599EB915E5}.Debug|Mixed Platforms.Build.0 = Debug|Any CPU
		{4B0048D3-A5D7-4B41-8913-A2599EB915E5}.Debug|Win32.ActiveCfg = Debug|Any CPU
		{4B0048D3-A5D7-4B41-8913-A2599EB915E5}.Debug|x86.ActiveCfg = Debug|Any CPU
		{4B0048D3-A5D7-4B41-8913-A2599EB915E5}.Release|Any CPU.ActiveCfg = Release|Any CPU
		{4B0048D3-A5D7-4B41-8913-A2599EB915E5}.Release|Any CPU.Build.0 = Release|Any CPU
		{4B0048D3-A5D7-4B41-8913-A2599EB915E5}.Release|Mixed Platforms.ActiveCfg = Release|Any CPU
		{4B0048D3-A5D7-4B41-8913-A2599EB915E5}.Release|Mixed Platforms.Build.0 = Release|Any CPU
		{4B0048D3-A5D7-4B41-8913-A2599EB915E5}.Release|Win32.ActiveCfg = Release|Any CPU
		{4B0048D3-A5D7-4B41-8913-A2599EB915E5}.Release|x86.ActiveCfg = Release|Any CPU
		{6DFB7C5E-7AC1-48EE-A065-2075921A7413}.Debug|Any CPU.ActiveCfg = Debug|Any CPU
		{6DFB7C5E-7AC1-48EE-A065-2075921A7413}.Debug|Any CPU.Build.0 = Debug|Any CPU
		{6DFB7C5E-7AC1-48EE-A065-2075921A7413}.Debug|Mixed Platforms.ActiveCfg = Debug|Any CPU
		{6DFB7C5E-7AC1-48EE-A065-2075921A7413}.Debug|Mixed Platforms.Build.0 = Debug|Any CPU
		{6DFB7C5E-7AC1-48EE-A065-2075921A7413}.Debug|Win32.ActiveCfg = Debug|Any CPU
		{6DFB7C5E-7AC1-48EE-A065-2075921A7413}.Debug|x86.ActiveCfg = Debug|Any CPU
		{6DFB7C5E-7AC1-48EE-A065-2075921A7413}.Release|Any CPU.ActiveCfg = Release|Any CPU
		{6DFB7C5E-7AC1-48EE-A065-2075921A7413}.Release|Any CPU.Build.0 = Release|Any CPU
		{6DFB7C5E-7AC1-48EE-A065-2075921A7413}.Release|Mixed Platforms.ActiveCfg = Release|Any CPU
		{6DFB7C5E-7AC1-48EE-A065-2075921A7413}.Release|Mixed Platforms.Build.0 = Release|Any CPU
		{6DFB7C5E-7AC1-48EE-A065-2075921A7413}.Release|Win32.ActiveCfg = Release|Any CPU
		{6DFB7C5E-7AC1-48EE-A065-2075921A7413}.Release|x86.ActiveCfg = Release|Any CPU
		{F04E9277-48D2-4822-9AE6-E7E6ADB262C9}.Debug|Any CPU.ActiveCfg = Debug|Any CPU
		{F04E9277-48D2-4822-9AE6-E7E6ADB262C9}.Debug|Any CPU.Build.0 = Debug|Any CPU
		{F04E9277-48D2-4822-9AE6-E7E6ADB262C9}.Debug|Mixed Platforms.ActiveCfg = Debug|Any CPU
		{F04E9277-48D2-4822-9AE6-E7E6ADB262C9}.Debug|Mixed Platforms.Build.0 = Debug|Any CPU
		{F04E9277-48D2-4822-9AE6-E7E6ADB262C9}.Debug|Win32.ActiveCfg = Debug|Any CPU
		{F04E9277-48D2-4822-9AE6-E7E6ADB262C9}.Debug|x86.ActiveCfg = Debug|Any CPU
		{F04E9277-48D2-4822-9AE6-E7E6ADB262C9}.Release|Any CPU.ActiveCfg = Release|Any CPU
		{F04E9277-48D2-4822-9AE6-E7E6ADB262C9}.Release|Any CPU.Build.0 = Release|Any CPU
		{F04E9277-48D2-4822-9AE6-E7E6ADB262C9}.Release|Mixed Platforms.ActiveCfg = Release|Any CPU
		{F04E9277-48D2-4822-9AE6-E7E6ADB262C9}.Release|Mixed Platforms.Build.0 = Release|Any CPU
		{F04E9277-48D2-4822-9AE6-E7E6ADB262C9}.Release|Win32.ActiveCfg = Release|Any CPU
		{F04E9277-48D2-4822-9AE6-E7E6ADB262C9}.Release|x86.ActiveCfg = Release|Any CPU
		{17035996-44F8-4506-BAAB-EA121475B936}.Debug|Any CPU.ActiveCfg = Debug|Any CPU
		{17035996-44F8-4506-BAAB-EA121475B936}.Debug|Any CPU.Build.0 = Debug|Any CPU
		{17035996-44F8-4506-BAAB-EA121475B936}.Debug|Mixed Platforms.ActiveCfg = Debug|Any CPU
		{17035996-44F8-4506-BAAB-EA121475B936}.Debug|Mixed Platforms.Build.0 = Debug|Any CPU
		{17035996-44F8-4506-BAAB-EA121475B936}.Debug|Win32.ActiveCfg = Debug|Any CPU
		{17035996-44F8-4506-BAAB-EA121475B936}.Debug|x86.ActiveCfg = Debug|Any CPU
		{17035996-44F8-4506-BAAB-EA121475B936}.Release|Any CPU.ActiveCfg = Release|Any CPU
		{17035996-44F8-4506-BAAB-EA121475B936}.Release|Any CPU.Build.0 = Release|Any CPU
		{17035996-44F8-4506-BAAB-EA121475B936}.Release|Mixed Platforms.ActiveCfg = Release|Any CPU
		{17035996-44F8-4506-BAAB-EA121475B936}.Release|Mixed Platforms.Build.0 = Release|Any CPU
		{17035996-44F8-4506-BAAB-EA121475B936}.Release|Win32.ActiveCfg = Release|Any CPU
		{17035996-44F8-4506-BAAB-EA121475B936}.Release|x86.ActiveCfg = Release|Any CPU
		{6E4E26FE-E903-474B-80F9-CF8ED12D34B3}.Debug|Any CPU.ActiveCfg = Debug|Any CPU
		{6E4E26FE-E903-474B-80F9-CF8ED12D34B3}.Debug|Any CPU.Build.0 = Debug|Any CPU
		{6E4E26FE-E903-474B-80F9-CF8ED12D34B3}.Debug|Mixed Platforms.ActiveCfg = Debug|Any CPU
		{6E4E26FE-E903-474B-80F9-CF8ED12D34B3}.Debug|Mixed Platforms.Build.0 = Debug|Any CPU
		{6E4E26FE-E903-474B-80F9-CF8ED12D34B3}.Debug|Win32.ActiveCfg = Debug|Any CPU
		{6E4E26FE-E903-474B-80F9-CF8ED12D34B3}.Debug|x86.ActiveCfg = Debug|Any CPU
		{6E4E26FE-E903-474B-80F9-CF8ED12D34B3}.Release|Any CPU.ActiveCfg = Release|Any CPU
		{6E4E26FE-E903-474B-80F9-CF8ED12D34B3}.Release|Any CPU.Build.0 = Release|Any CPU
		{6E4E26FE-E903-474B-80F9-CF8ED12D34B3}.Release|Mixed Platforms.ActiveCfg = Release|Any CPU
		{6E4E26FE-E903-474B-80F9-CF8ED12D34B3}.Release|Mixed Platforms.Build.0 = Release|Any CPU
		{6E4E26FE-E903-474B-80F9-CF8ED12D34B3}.Release|Win32.ActiveCfg = Release|Any CPU
		{6E4E26FE-E903-474B-80F9-CF8ED12D34B3}.Release|x86.ActiveCfg = Release|Any CPU
		{2BA6E51C-D975-49E3-B6B9-DF3D2D951057}.Debug|Any CPU.ActiveCfg = Debug|Any CPU
		{2BA6E51C-D975-49E3-B6B9-DF3D2D951057}.Debug|Any CPU.Build.0 = Debug|Any CPU
		{2BA6E51C-D975-49E3-B6B9-DF3D2D951057}.Debug|Mixed Platforms.ActiveCfg = Debug|Any CPU
		{2BA6E51C-D975-49E3-B6B9-DF3D2D951057}.Debug|Mixed Platforms.Build.0 = Debug|Any CPU
		{2BA6E51C-D975-49E3-B6B9-DF3D2D951057}.Debug|Win32.ActiveCfg = Debug|Any CPU
		{2BA6E51C-D975-49E3-B6B9-DF3D2D951057}.Debug|x86.ActiveCfg = Debug|Any CPU
		{2BA6E51C-D975-49E3-B6B9-DF3D2D951057}.Release|Any CPU.ActiveCfg = Release|Any CPU
		{2BA6E51C-D975-49E3-B6B9-DF3D2D951057}.Release|Any CPU.Build.0 = Release|Any CPU
		{2BA6E51C-D975-49E3-B6B9-DF3D2D951057}.Release|Mixed Platforms.ActiveCfg = Release|Any CPU
		{2BA6E51C-D975-49E3-B6B9-DF3D2D951057}.Release|Mixed Platforms.Build.0 = Release|Any CPU
		{2BA6E51C-D975-49E3-B6B9-DF3D2D951057}.Release|Win32.ActiveCfg = Release|Any CPU
		{2BA6E51C-D975-49E3-B6B9-DF3D2D951057}.Release|x86.ActiveCfg = Release|Any CPU
		{9D3CA030-E8EA-4EF6-AB58-B4689C7CDB76}.Debug|Any CPU.ActiveCfg = Debug|Any CPU
		{9D3CA030-E8EA-4EF6-AB58-B4689C7CDB76}.Debug|Any CPU.Build.0 = Debug|Any CPU
		{9D3CA030-E8EA-4EF6-AB58-B4689C7CDB76}.Debug|Mixed Platforms.ActiveCfg = Debug|Any CPU
		{9D3CA030-E8EA-4EF6-AB58-B4689C7CDB76}.Debug|Mixed Platforms.Build.0 = Debug|Any CPU
		{9D3CA030-E8EA-4EF6-AB58-B4689C7CDB76}.Debug|Win32.ActiveCfg = Debug|Any CPU
		{9D3CA030-E8EA-4EF6-AB58-B4689C7CDB76}.Debug|x86.ActiveCfg = Debug|Any CPU
		{9D3CA030-E8EA-4EF6-AB58-B4689C7CDB76}.Release|Any CPU.ActiveCfg = Release|Any CPU
		{9D3CA030-E8EA-4EF6-AB58-B4689C7CDB76}.Release|Any CPU.Build.0 = Release|Any CPU
		{9D3CA030-E8EA-4EF6-AB58-B4689C7CDB76}.Release|Mixed Platforms.ActiveCfg = Release|Any CPU
		{9D3CA030-E8EA-4EF6-AB58-B4689C7CDB76}.Release|Mixed Platforms.Build.0 = Release|Any CPU
		{9D3CA030-E8EA-4EF6-AB58-B4689C7CDB76}.Release|Win32.ActiveCfg = Release|Any CPU
		{9D3CA030-E8EA-4EF6-AB58-B4689C7CDB76}.Release|x86.ActiveCfg = Release|Any CPU
		{FB28507D-C378-42B4-9050-2FBED2CD68FE}.Debug|Any CPU.ActiveCfg = Debug|Any CPU
		{FB28507D-C378-42B4-9050-2FBED2CD68FE}.Debug|Any CPU.Build.0 = Debug|Any CPU
		{FB28507D-C378-42B4-9050-2FBED2CD68FE}.Debug|Mixed Platforms.ActiveCfg = Debug|Any CPU
		{FB28507D-C378-42B4-9050-2FBED2CD68FE}.Debug|Mixed Platforms.Build.0 = Debug|Any CPU
		{FB28507D-C378-42B4-9050-2FBED2CD68FE}.Debug|Win32.ActiveCfg = Debug|Any CPU
		{FB28507D-C378-42B4-9050-2FBED2CD68FE}.Debug|x86.ActiveCfg = Debug|Any CPU
		{FB28507D-C378-42B4-9050-2FBED2CD68FE}.Release|Any CPU.ActiveCfg = Release|Any CPU
		{FB28507D-C378-42B4-9050-2FBED2CD68FE}.Release|Any CPU.Build.0 = Release|Any CPU
		{FB28507D-C378-42B4-9050-2FBED2CD68FE}.Release|Mixed Platforms.ActiveCfg = Release|Any CPU
		{FB28507D-C378-42B4-9050-2FBED2CD68FE}.Release|Mixed Platforms.Build.0 = Release|Any CPU
		{FB28507D-C378-42B4-9050-2FBED2CD68FE}.Release|Win32.ActiveCfg = Release|Any CPU
		{FB28507D-C378-42B4-9050-2FBED2CD68FE}.Release|x86.ActiveCfg = Release|Any CPU
		{6F0813C8-DBA0-4F93-BF96-55012DA737A3}.Debug|Any CPU.ActiveCfg = Debug|x86
		{6F0813C8-DBA0-4F93-BF96-55012DA737A3}.Debug|Mixed Platforms.ActiveCfg = Debug|x86
		{6F0813C8-DBA0-4F93-BF96-55012DA737A3}.Debug|Mixed Platforms.Build.0 = Debug|x86
		{6F0813C8-DBA0-4F93-BF96-55012DA737A3}.Debug|Win32.ActiveCfg = Debug|x86
		{6F0813C8-DBA0-4F93-BF96-55012DA737A3}.Debug|x86.ActiveCfg = Debug|x86
		{6F0813C8-DBA0-4F93-BF96-55012DA737A3}.Debug|x86.Build.0 = Debug|x86
		{6F0813C8-DBA0-4F93-BF96-55012DA737A3}.Release|Any CPU.ActiveCfg = Release|x86
		{6F0813C8-DBA0-4F93-BF96-55012DA737A3}.Release|Mixed Platforms.ActiveCfg = Release|x86
		{6F0813C8-DBA0-4F93-BF96-55012DA737A3}.Release|Mixed Platforms.Build.0 = Release|x86
		{6F0813C8-DBA0-4F93-BF96-55012DA737A3}.Release|Win32.ActiveCfg = Release|x86
		{6F0813C8-DBA0-4F93-BF96-55012DA737A3}.Release|x86.ActiveCfg = Release|x86
		{6F0813C8-DBA0-4F93-BF96-55012DA737A3}.Release|x86.Build.0 = Release|x86
		{C6FE9FEC-2E3D-46C3-9929-B690A0EB4DA6}.Debug|Any CPU.ActiveCfg = Debug|Any CPU
		{C6FE9FEC-2E3D-46C3-9929-B690A0EB4DA6}.Debug|Any CPU.Build.0 = Debug|Any CPU
		{C6FE9FEC-2E3D-46C3-9929-B690A0EB4DA6}.Debug|Mixed Platforms.ActiveCfg = Debug|Any CPU
		{C6FE9FEC-2E3D-46C3-9929-B690A0EB4DA6}.Debug|Mixed Platforms.Build.0 = Debug|Any CPU
		{C6FE9FEC-2E3D-46C3-9929-B690A0EB4DA6}.Debug|Win32.ActiveCfg = Debug|Any CPU
		{C6FE9FEC-2E3D-46C3-9929-B690A0EB4DA6}.Debug|x86.ActiveCfg = Debug|Any CPU
		{C6FE9FEC-2E3D-46C3-9929-B690A0EB4DA6}.Release|Any CPU.ActiveCfg = Release|Any CPU
		{C6FE9FEC-2E3D-46C3-9929-B690A0EB4DA6}.Release|Any CPU.Build.0 = Release|Any CPU
		{C6FE9FEC-2E3D-46C3-9929-B690A0EB4DA6}.Release|Mixed Platforms.ActiveCfg = Release|Any CPU
		{C6FE9FEC-2E3D-46C3-9929-B690A0EB4DA6}.Release|Mixed Platforms.Build.0 = Release|Any CPU
		{C6FE9FEC-2E3D-46C3-9929-B690A0EB4DA6}.Release|Win32.ActiveCfg = Release|Any CPU
		{C6FE9FEC-2E3D-46C3-9929-B690A0EB4DA6}.Release|x86.ActiveCfg = Release|Any CPU
	EndGlobalSection
	GlobalSection(SolutionProperties) = preSolution
		HideSolutionNode = FALSE
	EndGlobalSection
	GlobalSection(NestedProjects) = preSolution
		{4B0048D3-A5D7-4B41-8913-A2599EB915E5} = {047700E6-C918-4609-AD7A-6636CF6A07FA}
		{6DFB7C5E-7AC1-48EE-A065-2075921A7413} = {047700E6-C918-4609-AD7A-6636CF6A07FA}
		{6E4E26FE-E903-474B-80F9-CF8ED12D34B3} = {047700E6-C918-4609-AD7A-6636CF6A07FA}
		{F04E9277-48D2-4822-9AE6-E7E6ADB262C9} = {6BFADD8A-BA37-4C6F-91CD-2157D1F5A3C6}
		{C6FE9FEC-2E3D-46C3-9929-B690A0EB4DA6} = {6BFADD8A-BA37-4C6F-91CD-2157D1F5A3C6}
		{920C7842-10E0-48C3-A439-C785FC2B234E} = {63AC84CF-6EB1-49D5-A790-78C16AAAAEE8}
		{17035996-44F8-4506-BAAB-EA121475B936} = {63AC84CF-6EB1-49D5-A790-78C16AAAAEE8}
		{2BA6E51C-D975-49E3-B6B9-DF3D2D951057} = {63AC84CF-6EB1-49D5-A790-78C16AAAAEE8}
		{9D3CA030-E8EA-4EF6-AB58-B4689C7CDB76} = {63AC84CF-6EB1-49D5-A790-78C16AAAAEE8}
		{FB28507D-C378-42B4-9050-2FBED2CD68FE} = {63AC84CF-6EB1-49D5-A790-78C16AAAAEE8}
		{6F0813C8-DBA0-4F93-BF96-55012DA737A3} = {63AC84CF-6EB1-49D5-A790-78C16AAAAEE8}
	EndGlobalSection
	GlobalSection(TextTemplating) = postSolution
		TextTemplating = 1
	EndGlobalSection
EndGlobal
