
Microsoft Visual Studio Solution File, Format Version 11.00
# Visual Studio 2010
Project("{888888A0-9F3D-457C-B088-3A5042F75D52}") = "visiopy", "visiopy\visiopy.pyproj", "{A6EF9A82-07E2-405A-B28D-717B0EB18AE1}"
EndProject
Global
	GlobalSection(SolutionConfigurationPlatforms) = preSolution
		Debug|Any CPU = Debug|Any CPU
		Release|Any CPU = Release|Any CPU
	EndGlobalSection
	GlobalSection(ProjectConfigurationPlatforms) = postSolution
		{A6EF9A82-07E2-405A-B28D-717B0EB18AE1}.Debug|Any CPU.ActiveCfg = Debug|Any CPU
		{A6EF9A82-07E2-405A-B28D-717B0EB18AE1}.Release|Any CPU.ActiveCfg = Release|Any CPU
	EndGlobalSection
	GlobalSection(SolutionProperties) = preSolution
		HideSolutionNode = FALSE
	EndGlobalSection
EndGlobal
