
Microsoft Visual Studio Solution File, Format Version 10.00
# Visual Studio 2008
Project("{FAE04EC0-301F-11D3-BF4B-00C04F79EFBC}") = "SampleVisioAddMenuItem", "SampleVisioAddMenuItem\SampleVisioAddMenuItem.csproj", "{FABFB4F9-F369-499B-A601-1C9E316406C6}"
EndProject
Global
	GlobalSection(SolutionConfigurationPlatforms) = preSolution
		Debug|Any CPU = Debug|Any CPU
		Release|Any CPU = Release|Any CPU
	EndGlobalSection
	GlobalSection(ProjectConfigurationPlatforms) = postSolution
		{FABFB4F9-F369-499B-A601-1C9E316406C6}.Debug|Any CPU.ActiveCfg = Debug|Any CPU
		{FABFB4F9-F369-499B-A601-1C9E316406C6}.Debug|Any CPU.Build.0 = Debug|Any CPU
		{FABFB4F9-F369-499B-A601-1C9E316406C6}.Release|Any CPU.ActiveCfg = Release|Any CPU
		{FABFB4F9-F369-499B-A601-1C9E316406C6}.Release|Any CPU.Build.0 = Release|Any CPU
	EndGlobalSection
	GlobalSection(SolutionProperties) = preSolution
		HideSolutionNode = FALSE
	EndGlobalSection
EndGlobal
