
Microsoft Visual Studio Solution File, Format Version 12.00
# Visual Studio Version 17
VisualStudioVersion = 17.0.31912.275
MinimumVisualStudioVersion = 10.0.40219.1
Project("{FAE04EC0-301F-11D3-BF4B-00C04F79EFBC}") = "VisioAutomation", "VisioAutomation\VisioAutomation.csproj", "{920C7842-10E0-48C3-A439-C785FC2B234E}"
EndProject
Project("{FAE04EC0-301F-11D3-BF4B-00C04F79EFBC}") = "VisioAutomation.Samples", "VisioAutomation.Samples\VisioAutomation.Samples.csproj", "{6E4E26FE-E903-474B-80F9-CF8ED12D34B3}"
EndProject
Project("{FAE04EC0-301F-11D3-BF4B-00C04F79EFBC}") = "VisioPowerShell", "VisioPowerShell\VisioPowerShell.csproj", "{6DFB7C5E-7AC1-48EE-A065-2075921A7413}"
EndProject
Project("{FAE04EC0-301F-11D3-BF4B-00C04F79EFBC}") = "VisioScripting", "VisioScripting\VisioScripting.csproj", "{F3E3A5A8-DE55-44ED-87F3-7962C3D22A88}"
EndProject
Project("{FAE04EC0-301F-11D3-BF4B-00C04F79EFBC}") = "VisioAutomation.Models", "VisioAutomation.Models\VisioAutomation.Models.csproj", "{29CB2B65-8E8D-4B2C-935C-453B2B371143}"
EndProject
Project("{FAE04EC0-301F-11D3-BF4B-00C04F79EFBC}") = "VisioAutomation.DocumentAnalysis", "VisioAutomation.DocumentAnalysis\VisioAutomation.DocumentAnalysis.csproj", "{D0EDA4F5-BB56-45CD-B95A-D061E90F1160}"
EndProject
Project("{FAE04EC0-301F-11D3-BF4B-00C04F79EFBC}") = "VisioAutomation_Documentation_Samples", "VisioAutomation_Documentation_Samples\VisioAutomation_Documentation_Samples.csproj", "{DCC18B41-41BB-42B8-B6CE-247588DE4EC9}"
EndProject
Project("{FAE04EC0-301F-11D3-BF4B-00C04F79EFBC}") = "VisioAutomationTestConsoleApp", "VisioAutomationTestConsoleApp\VisioAutomationTestConsoleApp.csproj", "{93C82A24-8651-4185-A196-076CA23C7208}"
EndProject
Project("{FAE04EC0-301F-11D3-BF4B-00C04F79EFBC}") = "VisioAutomation.Tests", "VATests\VisioAutomation.Tests.csproj", "{1D9027F8-4974-4251-8ED9-25BF0517E4B9}"
EndProject
Project("{FAE04EC0-301F-11D3-BF4B-00C04F79EFBC}") = "VisioAutomation_Tests.Scripting", "VisioAutomation_Tests.Scripting\VisioAutomation_Tests.Scripting.csproj", "{1B40E151-F3B6-4F89-9225-8DE18FEA8E32}"
EndProject
Global
	GlobalSection(SolutionConfigurationPlatforms) = preSolution
		Debug|Any CPU = Debug|Any CPU
		Debug|Mixed Platforms = Debug|Mixed Platforms
		Debug|Win32 = Debug|Win32
		Debug|x86 = Debug|x86
		Release|Any CPU = Release|Any CPU
		Release|Mixed Platforms = Release|Mixed Platforms
		Release|Win32 = Release|Win32
		Release|x86 = Release|x86
	EndGlobalSection
	GlobalSection(ProjectConfigurationPlatforms) = postSolution
		{920C7842-10E0-48C3-A439-C785FC2B234E}.Debug|Any CPU.ActiveCfg = Debug|Any CPU
		{920C7842-10E0-48C3-A439-C785FC2B234E}.Debug|Any CPU.Build.0 = Debug|Any CPU
		{920C7842-10E0-48C3-A439-C785FC2B234E}.Debug|Mixed Platforms.ActiveCfg = Debug|Any CPU
		{920C7842-10E0-48C3-A439-C785FC2B234E}.Debug|Mixed Platforms.Build.0 = Debug|Any CPU
		{920C7842-10E0-48C3-A439-C785FC2B234E}.Debug|Win32.ActiveCfg = Debug|Any CPU
		{920C7842-10E0-48C3-A439-C785FC2B234E}.Debug|x86.ActiveCfg = Debug|Any CPU
		{920C7842-10E0-48C3-A439-C785FC2B234E}.Release|Any CPU.ActiveCfg = Release|Any CPU
		{920C7842-10E0-48C3-A439-C785FC2B234E}.Release|Any CPU.Build.0 = Release|Any CPU
		{920C7842-10E0-48C3-A439-C785FC2B234E}.Release|Mixed Platforms.ActiveCfg = Release|Any CPU
		{920C7842-10E0-48C3-A439-C785FC2B234E}.Release|Mixed Platforms.Build.0 = Release|Any CPU
		{920C7842-10E0-48C3-A439-C785FC2B234E}.Release|Win32.ActiveCfg = Release|Any CPU
		{920C7842-10E0-48C3-A439-C785FC2B234E}.Release|x86.ActiveCfg = Release|Any CPU
		{6E4E26FE-E903-474B-80F9-CF8ED12D34B3}.Debug|Any CPU.ActiveCfg = Debug|Any CPU
		{6E4E26FE-E903-474B-80F9-CF8ED12D34B3}.Debug|Any CPU.Build.0 = Debug|Any CPU
		{6E4E26FE-E903-474B-80F9-CF8ED12D34B3}.Debug|Mixed Platforms.ActiveCfg = Debug|Any CPU
		{6E4E26FE-E903-474B-80F9-CF8ED12D34B3}.Debug|Mixed Platforms.Build.0 = Debug|Any CPU
		{6E4E26FE-E903-474B-80F9-CF8ED12D34B3}.Debug|Win32.ActiveCfg = Debug|Any CPU
		{6E4E26FE-E903-474B-80F9-CF8ED12D34B3}.Debug|x86.ActiveCfg = Debug|Any CPU
		{6E4E26FE-E903-474B-80F9-CF8ED12D34B3}.Release|Any CPU.ActiveCfg = Release|Any CPU
		{6E4E26FE-E903-474B-80F9-CF8ED12D34B3}.Release|Any CPU.Build.0 = Release|Any CPU
		{6E4E26FE-E903-474B-80F9-CF8ED12D34B3}.Release|Mixed Platforms.ActiveCfg = Release|Any CPU
		{6E4E26FE-E903-474B-80F9-CF8ED12D34B3}.Release|Mixed Platforms.Build.0 = Release|Any CPU
		{6E4E26FE-E903-474B-80F9-CF8ED12D34B3}.Release|Win32.ActiveCfg = Release|Any CPU
		{6E4E26FE-E903-474B-80F9-CF8ED12D34B3}.Release|x86.ActiveCfg = Release|Any CPU
		{6DFB7C5E-7AC1-48EE-A065-2075921A7413}.Debug|Any CPU.ActiveCfg = Debug|Any CPU
		{6DFB7C5E-7AC1-48EE-A065-2075921A7413}.Debug|Any CPU.Build.0 = Debug|Any CPU
		{6DFB7C5E-7AC1-48EE-A065-2075921A7413}.Debug|Mixed Platforms.ActiveCfg = Debug|Any CPU
		{6DFB7C5E-7AC1-48EE-A065-2075921A7413}.Debug|Mixed Platforms.Build.0 = Debug|Any CPU
		{6DFB7C5E-7AC1-48EE-A065-2075921A7413}.Debug|Win32.ActiveCfg = Debug|Any CPU
		{6DFB7C5E-7AC1-48EE-A065-2075921A7413}.Debug|x86.ActiveCfg = Debug|Any CPU
		{6DFB7C5E-7AC1-48EE-A065-2075921A7413}.Release|Any CPU.ActiveCfg = Release|Any CPU
		{6DFB7C5E-7AC1-48EE-A065-2075921A7413}.Release|Any CPU.Build.0 = Release|Any CPU
		{6DFB7C5E-7AC1-48EE-A065-2075921A7413}.Release|Mixed Platforms.ActiveCfg = Release|Any CPU
		{6DFB7C5E-7AC1-48EE-A065-2075921A7413}.Release|Mixed Platforms.Build.0 = Release|Any CPU
		{6DFB7C5E-7AC1-48EE-A065-2075921A7413}.Release|Win32.ActiveCfg = Release|Any CPU
		{6DFB7C5E-7AC1-48EE-A065-2075921A7413}.Release|x86.ActiveCfg = Release|Any CPU
		{F3E3A5A8-DE55-44ED-87F3-7962C3D22A88}.Debug|Any CPU.ActiveCfg = Debug|Any CPU
		{F3E3A5A8-DE55-44ED-87F3-7962C3D22A88}.Debug|Any CPU.Build.0 = Debug|Any CPU
		{F3E3A5A8-DE55-44ED-87F3-7962C3D22A88}.Debug|Mixed Platforms.ActiveCfg = Debug|Any CPU
		{F3E3A5A8-DE55-44ED-87F3-7962C3D22A88}.Debug|Mixed Platforms.Build.0 = Debug|Any CPU
		{F3E3A5A8-DE55-44ED-87F3-7962C3D22A88}.Debug|Win32.ActiveCfg = Debug|Any CPU
		{F3E3A5A8-DE55-44ED-87F3-7962C3D22A88}.Debug|Win32.Build.0 = Debug|Any CPU
		{F3E3A5A8-DE55-44ED-87F3-7962C3D22A88}.Debug|x86.ActiveCfg = Debug|Any CPU
		{F3E3A5A8-DE55-44ED-87F3-7962C3D22A88}.Debug|x86.Build.0 = Debug|Any CPU
		{F3E3A5A8-DE55-44ED-87F3-7962C3D22A88}.Release|Any CPU.ActiveCfg = Release|Any CPU
		{F3E3A5A8-DE55-44ED-87F3-7962C3D22A88}.Release|Any CPU.Build.0 = Release|Any CPU
		{F3E3A5A8-DE55-44ED-87F3-7962C3D22A88}.Release|Mixed Platforms.ActiveCfg = Release|Any CPU
		{F3E3A5A8-DE55-44ED-87F3-7962C3D22A88}.Release|Mixed Platforms.Build.0 = Release|Any CPU
		{F3E3A5A8-DE55-44ED-87F3-7962C3D22A88}.Release|Win32.ActiveCfg = Release|Any CPU
		{F3E3A5A8-DE55-44ED-87F3-7962C3D22A88}.Release|Win32.Build.0 = Release|Any CPU
		{F3E3A5A8-DE55-44ED-87F3-7962C3D22A88}.Release|x86.ActiveCfg = Release|Any CPU
		{F3E3A5A8-DE55-44ED-87F3-7962C3D22A88}.Release|x86.Build.0 = Release|Any CPU
		{29CB2B65-8E8D-4B2C-935C-453B2B371143}.Debug|Any CPU.ActiveCfg = Debug|Any CPU
		{29CB2B65-8E8D-4B2C-935C-453B2B371143}.Debug|Any CPU.Build.0 = Debug|Any CPU
		{29CB2B65-8E8D-4B2C-935C-453B2B371143}.Debug|Mixed Platforms.ActiveCfg = Debug|Any CPU
		{29CB2B65-8E8D-4B2C-935C-453B2B371143}.Debug|Mixed Platforms.Build.0 = Debug|Any CPU
		{29CB2B65-8E8D-4B2C-935C-453B2B371143}.Debug|Win32.ActiveCfg = Debug|Any CPU
		{29CB2B65-8E8D-4B2C-935C-453B2B371143}.Debug|Win32.Build.0 = Debug|Any CPU
		{29CB2B65-8E8D-4B2C-935C-453B2B371143}.Debug|x86.ActiveCfg = Debug|Any CPU
		{29CB2B65-8E8D-4B2C-935C-453B2B371143}.Debug|x86.Build.0 = Debug|Any CPU
		{29CB2B65-8E8D-4B2C-935C-453B2B371143}.Release|Any CPU.ActiveCfg = Release|Any CPU
		{29CB2B65-8E8D-4B2C-935C-453B2B371143}.Release|Any CPU.Build.0 = Release|Any CPU
		{29CB2B65-8E8D-4B2C-935C-453B2B371143}.Release|Mixed Platforms.ActiveCfg = Release|Any CPU
		{29CB2B65-8E8D-4B2C-935C-453B2B371143}.Release|Mixed Platforms.Build.0 = Release|Any CPU
		{29CB2B65-8E8D-4B2C-935C-453B2B371143}.Release|Win32.ActiveCfg = Release|Any CPU
		{29CB2B65-8E8D-4B2C-935C-453B2B371143}.Release|Win32.Build.0 = Release|Any CPU
		{29CB2B65-8E8D-4B2C-935C-453B2B371143}.Release|x86.ActiveCfg = Release|Any CPU
		{29CB2B65-8E8D-4B2C-935C-453B2B371143}.Release|x86.Build.0 = Release|Any CPU
		{D0EDA4F5-BB56-45CD-B95A-D061E90F1160}.Debug|Any CPU.ActiveCfg = Debug|Any CPU
		{D0EDA4F5-BB56-45CD-B95A-D061E90F1160}.Debug|Any CPU.Build.0 = Debug|Any CPU
		{D0EDA4F5-BB56-45CD-B95A-D061E90F1160}.Debug|Mixed Platforms.ActiveCfg = Debug|Any CPU
		{D0EDA4F5-BB56-45CD-B95A-D061E90F1160}.Debug|Mixed Platforms.Build.0 = Debug|Any CPU
		{D0EDA4F5-BB56-45CD-B95A-D061E90F1160}.Debug|Win32.ActiveCfg = Debug|Any CPU
		{D0EDA4F5-BB56-45CD-B95A-D061E90F1160}.Debug|Win32.Build.0 = Debug|Any CPU
		{D0EDA4F5-BB56-45CD-B95A-D061E90F1160}.Debug|x86.ActiveCfg = Debug|Any CPU
		{D0EDA4F5-BB56-45CD-B95A-D061E90F1160}.Debug|x86.Build.0 = Debug|Any CPU
		{D0EDA4F5-BB56-45CD-B95A-D061E90F1160}.Release|Any CPU.ActiveCfg = Release|Any CPU
		{D0EDA4F5-BB56-45CD-B95A-D061E90F1160}.Release|Any CPU.Build.0 = Release|Any CPU
		{D0EDA4F5-BB56-45CD-B95A-D061E90F1160}.Release|Mixed Platforms.ActiveCfg = Release|Any CPU
		{D0EDA4F5-BB56-45CD-B95A-D061E90F1160}.Release|Mixed Platforms.Build.0 = Release|Any CPU
		{D0EDA4F5-BB56-45CD-B95A-D061E90F1160}.Release|Win32.ActiveCfg = Release|Any CPU
		{D0EDA4F5-BB56-45CD-B95A-D061E90F1160}.Release|Win32.Build.0 = Release|Any CPU
		{D0EDA4F5-BB56-45CD-B95A-D061E90F1160}.Release|x86.ActiveCfg = Release|Any CPU
		{D0EDA4F5-BB56-45CD-B95A-D061E90F1160}.Release|x86.Build.0 = Release|Any CPU
		{DCC18B41-41BB-42B8-B6CE-247588DE4EC9}.Debug|Any CPU.ActiveCfg = Debug|Any CPU
		{DCC18B41-41BB-42B8-B6CE-247588DE4EC9}.Debug|Any CPU.Build.0 = Debug|Any CPU
		{DCC18B41-41BB-42B8-B6CE-247588DE4EC9}.Debug|Mixed Platforms.ActiveCfg = Debug|Any CPU
		{DCC18B41-41BB-42B8-B6CE-247588DE4EC9}.Debug|Mixed Platforms.Build.0 = Debug|Any CPU
		{DCC18B41-41BB-42B8-B6CE-247588DE4EC9}.Debug|Win32.ActiveCfg = Debug|Any CPU
		{DCC18B41-41BB-42B8-B6CE-247588DE4EC9}.Debug|Win32.Build.0 = Debug|Any CPU
		{DCC18B41-41BB-42B8-B6CE-247588DE4EC9}.Debug|x86.ActiveCfg = Debug|Any CPU
		{DCC18B41-41BB-42B8-B6CE-247588DE4EC9}.Debug|x86.Build.0 = Debug|Any CPU
		{DCC18B41-41BB-42B8-B6CE-247588DE4EC9}.Release|Any CPU.ActiveCfg = Release|Any CPU
		{DCC18B41-41BB-42B8-B6CE-247588DE4EC9}.Release|Any CPU.Build.0 = Release|Any CPU
		{DCC18B41-41BB-42B8-B6CE-247588DE4EC9}.Release|Mixed Platforms.ActiveCfg = Release|Any CPU
		{DCC18B41-41BB-42B8-B6CE-247588DE4EC9}.Release|Mixed Platforms.Build.0 = Release|Any CPU
		{DCC18B41-41BB-42B8-B6CE-247588DE4EC9}.Release|Win32.ActiveCfg = Release|Any CPU
		{DCC18B41-41BB-42B8-B6CE-247588DE4EC9}.Release|Win32.Build.0 = Release|Any CPU
		{DCC18B41-41BB-42B8-B6CE-247588DE4EC9}.Release|x86.ActiveCfg = Release|Any CPU
		{DCC18B41-41BB-42B8-B6CE-247588DE4EC9}.Release|x86.Build.0 = Release|Any CPU
		{93C82A24-8651-4185-A196-076CA23C7208}.Debug|Any CPU.ActiveCfg = Debug|Any CPU
		{93C82A24-8651-4185-A196-076CA23C7208}.Debug|Any CPU.Build.0 = Debug|Any CPU
		{93C82A24-8651-4185-A196-076CA23C7208}.Debug|Mixed Platforms.ActiveCfg = Debug|Any CPU
		{93C82A24-8651-4185-A196-076CA23C7208}.Debug|Mixed Platforms.Build.0 = Debug|Any CPU
		{93C82A24-8651-4185-A196-076CA23C7208}.Debug|Win32.ActiveCfg = Debug|Any CPU
		{93C82A24-8651-4185-A196-076CA23C7208}.Debug|Win32.Build.0 = Debug|Any CPU
		{93C82A24-8651-4185-A196-076CA23C7208}.Debug|x86.ActiveCfg = Debug|Any CPU
		{93C82A24-8651-4185-A196-076CA23C7208}.Debug|x86.Build.0 = Debug|Any CPU
		{93C82A24-8651-4185-A196-076CA23C7208}.Release|Any CPU.ActiveCfg = Release|Any CPU
		{93C82A24-8651-4185-A196-076CA23C7208}.Release|Any CPU.Build.0 = Release|Any CPU
		{93C82A24-8651-4185-A196-076CA23C7208}.Release|Mixed Platforms.ActiveCfg = Release|Any CPU
		{93C82A24-8651-4185-A196-076CA23C7208}.Release|Mixed Platforms.Build.0 = Release|Any CPU
		{93C82A24-8651-4185-A196-076CA23C7208}.Release|Win32.ActiveCfg = Release|Any CPU
		{93C82A24-8651-4185-A196-076CA23C7208}.Release|Win32.Build.0 = Release|Any CPU
		{93C82A24-8651-4185-A196-076CA23C7208}.Release|x86.ActiveCfg = Release|Any CPU
		{93C82A24-8651-4185-A196-076CA23C7208}.Release|x86.Build.0 = Release|Any CPU
		{1D9027F8-4974-4251-8ED9-25BF0517E4B9}.Debug|Any CPU.ActiveCfg = Debug|Any CPU
		{1D9027F8-4974-4251-8ED9-25BF0517E4B9}.Debug|Any CPU.Build.0 = Debug|Any CPU
		{1D9027F8-4974-4251-8ED9-25BF0517E4B9}.Debug|Mixed Platforms.ActiveCfg = Debug|Any CPU
		{1D9027F8-4974-4251-8ED9-25BF0517E4B9}.Debug|Mixed Platforms.Build.0 = Debug|Any CPU
		{1D9027F8-4974-4251-8ED9-25BF0517E4B9}.Debug|Win32.ActiveCfg = Debug|Any CPU
		{1D9027F8-4974-4251-8ED9-25BF0517E4B9}.Debug|Win32.Build.0 = Debug|Any CPU
		{1D9027F8-4974-4251-8ED9-25BF0517E4B9}.Debug|x86.ActiveCfg = Debug|Any CPU
		{1D9027F8-4974-4251-8ED9-25BF0517E4B9}.Debug|x86.Build.0 = Debug|Any CPU
		{1D9027F8-4974-4251-8ED9-25BF0517E4B9}.Release|Any CPU.ActiveCfg = Release|Any CPU
		{1D9027F8-4974-4251-8ED9-25BF0517E4B9}.Release|Any CPU.Build.0 = Release|Any CPU
		{1D9027F8-4974-4251-8ED9-25BF0517E4B9}.Release|Mixed Platforms.ActiveCfg = Release|Any CPU
		{1D9027F8-4974-4251-8ED9-25BF0517E4B9}.Release|Mixed Platforms.Build.0 = Release|Any CPU
		{1D9027F8-4974-4251-8ED9-25BF0517E4B9}.Release|Win32.ActiveCfg = Release|Any CPU
		{1D9027F8-4974-4251-8ED9-25BF0517E4B9}.Release|Win32.Build.0 = Release|Any CPU
		{1D9027F8-4974-4251-8ED9-25BF0517E4B9}.Release|x86.ActiveCfg = Release|Any CPU
		{1D9027F8-4974-4251-8ED9-25BF0517E4B9}.Release|x86.Build.0 = Release|Any CPU
		{1B40E151-F3B6-4F89-9225-8DE18FEA8E32}.Debug|Any CPU.ActiveCfg = Debug|Any CPU
		{1B40E151-F3B6-4F89-9225-8DE18FEA8E32}.Debug|Any CPU.Build.0 = Debug|Any CPU
		{1B40E151-F3B6-4F89-9225-8DE18FEA8E32}.Debug|Mixed Platforms.ActiveCfg = Debug|Any CPU
		{1B40E151-F3B6-4F89-9225-8DE18FEA8E32}.Debug|Mixed Platforms.Build.0 = Debug|Any CPU
		{1B40E151-F3B6-4F89-9225-8DE18FEA8E32}.Debug|Win32.ActiveCfg = Debug|Any CPU
		{1B40E151-F3B6-4F89-9225-8DE18FEA8E32}.Debug|Win32.Build.0 = Debug|Any CPU
		{1B40E151-F3B6-4F89-9225-8DE18FEA8E32}.Debug|x86.ActiveCfg = Debug|Any CPU
		{1B40E151-F3B6-4F89-9225-8DE18FEA8E32}.Debug|x86.Build.0 = Debug|Any CPU
		{1B40E151-F3B6-4F89-9225-8DE18FEA8E32}.Release|Any CPU.ActiveCfg = Release|Any CPU
		{1B40E151-F3B6-4F89-9225-8DE18FEA8E32}.Release|Any CPU.Build.0 = Release|Any CPU
		{1B40E151-F3B6-4F89-9225-8DE18FEA8E32}.Release|Mixed Platforms.ActiveCfg = Release|Any CPU
		{1B40E151-F3B6-4F89-9225-8DE18FEA8E32}.Release|Mixed Platforms.Build.0 = Release|Any CPU
		{1B40E151-F3B6-4F89-9225-8DE18FEA8E32}.Release|Win32.ActiveCfg = Release|Any CPU
		{1B40E151-F3B6-4F89-9225-8DE18FEA8E32}.Release|Win32.Build.0 = Release|Any CPU
		{1B40E151-F3B6-4F89-9225-8DE18FEA8E32}.Release|x86.ActiveCfg = Release|Any CPU
		{1B40E151-F3B6-4F89-9225-8DE18FEA8E32}.Release|x86.Build.0 = Release|Any CPU
	EndGlobalSection
	GlobalSection(SolutionProperties) = preSolution
		HideSolutionNode = FALSE
	EndGlobalSection
	GlobalSection(ExtensibilityGlobals) = postSolution
		SolutionGuid = {5BC7EC25-2C94-487D-95DE-B53F4B279206}
	EndGlobalSection
	GlobalSection(TestCaseManagementSettings) = postSolution
		CategoryFile = VisioAutomation.vsmdi
	EndGlobalSection
	GlobalSection(TextTemplating) = postSolution
		TextTemplating = 1
	EndGlobalSection
EndGlobal
