
Microsoft Visual Studio Solution File, Format Version 11.00
# Visual Studio 2010
Project("{888888A0-9F3D-457C-B088-3A5042F75D52}") = "DemoIronVisio", "DemoIronVisio.pyproj", "{9CD80C41-7DE5-4024-B01D-19B76D326D00}"
EndProject
Global
	GlobalSection(SolutionConfigurationPlatforms) = preSolution
		Debug|Any CPU = Debug|Any CPU
		Release|Any CPU = Release|Any CPU
	EndGlobalSection
	GlobalSection(ProjectConfigurationPlatforms) = postSolution
		{9CD80C41-7DE5-4024-B01D-19B76D326D00}.Debug|Any CPU.ActiveCfg = Debug|Any CPU
		{9CD80C41-7DE5-4024-B01D-19B76D326D00}.Release|Any CPU.ActiveCfg = Release|Any CPU
	EndGlobalSection
	GlobalSection(SolutionProperties) = preSolution
		HideSolutionNode = FALSE
	EndGlobalSection
EndGlobal
